<?xml version="1.0" encoding="utf-8"?>
<Project ToolsVersion="4.0" xmlns="http://schemas.microsoft.com/developer/msbuild/2003">
  <ItemGroup>
    <Filter Include="Source Files">
      <UniqueIdentifier>{4FC737F1-C7A5-4376-A066-2A32D752A2FF}</UniqueIdentifier>
      <Extensions>cpp;c;cc;cxx;c++;cppm;ixx;def;odl;idl;hpj;bat;asm;asmx</Extensions>
    </Filter>
    <Filter Include="Header Files">
      <UniqueIdentifier>{93995380-89BD-4b04-88EB-625FBE52EBFB}</UniqueIdentifier>
      <Extensions>h;hh;hpp;hxx;h++;hm;inl;inc;ipp;xsd</Extensions>
    </Filter>
    <Filter Include="EarthArmy">
      <UniqueIdentifier>{867e0625-69b8-479b-abb1-6c7453d57ef3}</UniqueIdentifier>
    </Filter>
    <Filter Include="DS">
      <UniqueIdentifier>{404836a3-400f-4d21-80be-88dbfd1c0f21}</UniqueIdentifier>
    </Filter>
    <Filter Include="AlienArmy">
      <UniqueIdentifier>{7dadd814-2232-4664-bdbd-4ad21c40ab71}</UniqueIdentifier>
    </Filter>
  </ItemGroup>
  <ItemGroup>
    <ClCompile Include="Source.cpp">
      <Filter>Source Files</Filter>
    </ClCompile>
    <ClCompile Include="AlienArmy\AlienDroneList.cpp">
      <Filter>AlienArmy</Filter>
    </ClCompile>
    <ClCompile Include="AlienArmy\MonsterList.cpp">
      <Filter>AlienArmy</Filter>
    </ClCompile>
    <ClCompile Include="EarthArmy\EarthGunList.cpp">
      <Filter>EarthArmy</Filter>
    </ClCompile>
    <ClCompile Include="EarthArmy\EarthSoldierList.cpp">
      <Filter>EarthArmy</Filter>
    </ClCompile>
    <ClCompile Include="EarthArmy\EarthTankList.cpp">
      <Filter>EarthArmy</Filter>
    </ClCompile>
    <ClCompile Include="unit.cpp">
      <Filter>Source Files</Filter>
    </ClCompile>
    <ClCompile Include="EarthArmy\UML.cpp">
      <Filter>EarthArmy</Filter>
    </ClCompile>
    <ClCompile Include="EarthArmy\HL.cpp">
      <Filter>EarthArmy</Filter>
    </ClCompile>
    <ClCompile Include="DS\double_endedQueue.cpp">
      <Filter>DS</Filter>
    </ClCompile>
    <ClCompile Include="killedList.cpp">
      <Filter>Source Files</Filter>
    </ClCompile>
    <ClCompile Include="AlienArmy\AlienDrone.cpp">
      <Filter>AlienArmy</Filter>
    </ClCompile>
    <ClCompile Include="AlienArmy\AlienSoldier.cpp">
      <Filter>AlienArmy</Filter>
    </ClCompile>
    <ClCompile Include="AlienArmy\AlienSoldierList.cpp">
      <Filter>AlienArmy</Filter>
    </ClCompile>
    <ClCompile Include="EarthArmy\EarthSoldier.cpp">
      <Filter>EarthArmy</Filter>
    </ClCompile>
    <ClCompile Include="game.cpp">
      <Filter>Source Files</Filter>
    </ClCompile>
    <ClCompile Include="AlienArmy\AlienArmy.cpp">
      <Filter>AlienArmy</Filter>
    </ClCompile>
    <ClCompile Include="AlienArmy\monster.cpp">
      <Filter>Source Files</Filter>
    </ClCompile>
    <ClCompile Include="EarthArmy\EarthArmy.cpp">
      <Filter>EarthArmy</Filter>
    </ClCompile>
    <ClCompile Include="EarthArmy\EarthGun.cpp">
      <Filter>EarthArmy</Filter>
    </ClCompile>
    <ClCompile Include="EarthArmy\EarthTank.cpp">
      <Filter>EarthArmy</Filter>
    </ClCompile>
    <ClCompile Include="EarthArmy\Healer.cpp">
      <Filter>EarthArmy</Filter>
    </ClCompile>
  </ItemGroup>
  <ItemGroup>
    <ClInclude Include="EarthArmy\EarthArmy.h">
      <Filter>EarthArmy</Filter>
    </ClInclude>
    <ClInclude Include="EarthArmy\EarthTank.h">
      <Filter>EarthArmy</Filter>
    </ClInclude>
    <ClInclude Include="EarthArmy\EarthSoldier.h">
      <Filter>EarthArmy</Filter>
    </ClInclude>
    <ClInclude Include="EarthArmy\EarthGun.h">
      <Filter>EarthArmy</Filter>
    </ClInclude>
    <ClInclude Include="unit.h">
      <Filter>Header Files</Filter>
    </ClInclude>
    <ClInclude Include="game.h">
      <Filter>Header Files</Filter>
    </ClInclude>
    <ClInclude Include="randGen.h">
      <Filter>Header Files</Filter>
    </ClInclude>
    <ClInclude Include="DS\ArrayStack.h">
      <Filter>DS</Filter>
    </ClInclude>
    <ClInclude Include="DS\LinkedQueue.h">
      <Filter>DS</Filter>
    </ClInclude>
    <ClInclude Include="DS\Node.h">
      <Filter>DS</Filter>
    </ClInclude>
    <ClInclude Include="DS\priNode.h">
      <Filter>DS</Filter>
    </ClInclude>
    <ClInclude Include="DS\priQueue.h">
      <Filter>DS</Filter>
    </ClInclude>
    <ClInclude Include="DS\QueueADT.h">
      <Filter>DS</Filter>
    </ClInclude>
    <ClInclude Include="DS\StackADT.h">
      <Filter>DS</Filter>
    </ClInclude>
    <ClInclude Include="AlienArmy\AlienArmy.h">
      <Filter>AlienArmy</Filter>
    </ClInclude>
    <ClInclude Include="AlienArmy\AlienDrone.h">
      <Filter>AlienArmy</Filter>
    </ClInclude>
    <ClInclude Include="AlienArmy\AlienSoldier.h">
      <Filter>AlienArmy</Filter>
    </ClInclude>
    <ClInclude Include="AlienArmy\AlienDroneList.h">
      <Filter>AlienArmy</Filter>
    </ClInclude>
    <ClInclude Include="AlienArmy\monster.h">
      <Filter>AlienArmy</Filter>
    </ClInclude>
    <ClInclude Include="AlienArmy\MonsterList.h">
      <Filter>AlienArmy</Filter>
    </ClInclude>
    <ClInclude Include="EarthArmy\EarthSoldierList.h">
      <Filter>EarthArmy</Filter>
    </ClInclude>
    <ClInclude Include="AlienArmy\AlienSoldierList.h">
      <Filter>AlienArmy</Filter>
    </ClInclude>
    <ClInclude Include="EarthArmy\EarthGunList.h">
      <Filter>EarthArmy</Filter>
    </ClInclude>
    <ClInclude Include="EarthArmy\EarthTankList.h">
      <Filter>EarthArmy</Filter>
    </ClInclude>
    <ClInclude Include="DS\double_endedQueue.h">
      <Filter>DS</Filter>
    </ClInclude>
    <ClInclude Include="EarthArmy\HL.h">
      <Filter>EarthArmy</Filter>
    </ClInclude>
    <ClInclude Include="EarthArmy\UML.h">
      <Filter>EarthArmy</Filter>
    </ClInclude>
    <ClInclude Include="EarthArmy\Healer.h">
      <Filter>EarthArmy</Filter>
    </ClInclude>
    <ClInclude Include="killedList.h">
      <Filter>Header Files</Filter>
    </ClInclude>
  </ItemGroup>
</Project>